
Microsoft Visual Studio Solution File, Format Version 12.00
# Visual Studio Version 16
VisualStudioVersion = 16.0.30204.135
MinimumVisualStudioVersion = 10.0.40219.1
Project("{FAE04EC0-301F-11D3-BF4B-00C04F79EFBC}") = "TDD_Shooter", "TDD_Shooter.csproj", "{D06124F7-AECF-484B-9A48-0BD91A8C73DB}"
EndProject
Project("{FAE04EC0-301F-11D3-BF4B-00C04F79EFBC}") = "TDD_Shooter.Tests", "..\TDD_Shooter.Tests\TDD_Shooter.Tests.csproj", "{F5AEF9D9-F91A-43D7-8607-0F5CEF44E699}"
EndProject
Global
	GlobalSection(SolutionConfigurationPlatforms) = preSolution
		Debug|ARM = Debug|ARM
		Debug|ARM64 = Debug|ARM64
		Debug|x64 = Debug|x64
		Debug|x86 = Debug|x86
		Release|ARM = Release|ARM
		Release|ARM64 = Release|ARM64
		Release|x64 = Release|x64
		Release|x86 = Release|x86
	EndGlobalSection
	GlobalSection(ProjectConfigurationPlatforms) = postSolution
		{D06124F7-AECF-484B-9A48-0BD91A8C73DB}.Debug|ARM.ActiveCfg = Debug|ARM
		{D06124F7-AECF-484B-9A48-0BD91A8C73DB}.Debug|ARM.Build.0 = Debug|ARM
		{D06124F7-AECF-484B-9A48-0BD91A8C73DB}.Debug|ARM.Deploy.0 = Debug|ARM
		{D06124F7-AECF-484B-9A48-0BD91A8C73DB}.Debug|ARM64.ActiveCfg = Debug|ARM64
		{D06124F7-AECF-484B-9A48-0BD91A8C73DB}.Debug|ARM64.Build.0 = Debug|ARM64
		{D06124F7-AECF-484B-9A48-0BD91A8C73DB}.Debug|ARM64.Deploy.0 = Debug|ARM64
		{D06124F7-AECF-484B-9A48-0BD91A8C73DB}.Debug|x64.ActiveCfg = Debug|x64
		{D06124F7-AECF-484B-9A48-0BD91A8C73DB}.Debug|x64.Build.0 = Debug|x64
		{D06124F7-AECF-484B-9A48-0BD91A8C73DB}.Debug|x64.Deploy.0 = Debug|x64
		{D06124F7-AECF-484B-9A48-0BD91A8C73DB}.Debug|x86.ActiveCfg = Debug|x86
		{D06124F7-AECF-484B-9A48-0BD91A8C73DB}.Debug|x86.Build.0 = Debug|x86
		{D06124F7-AECF-484B-9A48-0BD91A8C73DB}.Debug|x86.Deploy.0 = Debug|x86
		{D06124F7-AECF-484B-9A48-0BD91A8C73DB}.Release|ARM.ActiveCfg = Release|ARM
		{D06124F7-AECF-484B-9A48-0BD91A8C73DB}.Release|ARM.Build.0 = Release|ARM
		{D06124F7-AECF-484B-9A48-0BD91A8C73DB}.Release|ARM.Deploy.0 = Release|ARM
		{D06124F7-AECF-484B-9A48-0BD91A8C73DB}.Release|ARM64.ActiveCfg = Release|ARM64
		{D06124F7-AECF-484B-9A48-0BD91A8C73DB}.Release|ARM64.Build.0 = Release|ARM64
		{D06124F7-AECF-484B-9A48-0BD91A8C73DB}.Release|ARM64.Deploy.0 = Release|ARM64
		{D06124F7-AECF-484B-9A48-0BD91A8C73DB}.Release|x64.ActiveCfg = Release|x64
		{D06124F7-AECF-484B-9A48-0BD91A8C73DB}.Release|x64.Build.0 = Release|x64
		{D06124F7-AECF-484B-9A48-0BD91A8C73DB}.Release|x64.Deploy.0 = Release|x64
		{D06124F7-AECF-484B-9A48-0BD91A8C73DB}.Release|x86.ActiveCfg = Release|x86
		{D06124F7-AECF-484B-9A48-0BD91A8C73DB}.Release|x86.Build.0 = Release|x86
		{D06124F7-AECF-484B-9A48-0BD91A8C73DB}.Release|x86.Deploy.0 = Release|x86
		{F5AEF9D9-F91A-43D7-8607-0F5CEF44E699}.Debug|ARM.ActiveCfg = Debug|ARM
		{F5AEF9D9-F91A-43D7-8607-0F5CEF44E699}.Debug|ARM.Build.0 = Debug|ARM
		{F5AEF9D9-F91A-43D7-8607-0F5CEF44E699}.Debug|ARM.Deploy.0 = Debug|ARM
		{F5AEF9D9-F91A-43D7-8607-0F5CEF44E699}.Debug|ARM64.ActiveCfg = Debug|ARM64
		{F5AEF9D9-F91A-43D7-8607-0F5CEF44E699}.Debug|ARM64.Build.0 = Debug|ARM64
		{F5AEF9D9-F91A-43D7-8607-0F5CEF44E699}.Debug|ARM64.Deploy.0 = Debug|ARM64
		{F5AEF9D9-F91A-43D7-8607-0F5CEF44E699}.Debug|x64.ActiveCfg = Debug|x64
		{F5AEF9D9-F91A-43D7-8607-0F5CEF44E699}.Debug|x64.Build.0 = Debug|x64
		{F5AEF9D9-F91A-43D7-8607-0F5CEF44E699}.Debug|x64.Deploy.0 = Debug|x64
		{F5AEF9D9-F91A-43D7-8607-0F5CEF44E699}.Debug|x86.ActiveCfg = Debug|x86
		{F5AEF9D9-F91A-43D7-8607-0F5CEF44E699}.Debug|x86.Build.0 = Debug|x86
		{F5AEF9D9-F91A-43D7-8607-0F5CEF44E699}.Debug|x86.Deploy.0 = Debug|x86
		{F5AEF9D9-F91A-43D7-8607-0F5CEF44E699}.Release|ARM.ActiveCfg = Release|ARM
		{F5AEF9D9-F91A-43D7-8607-0F5CEF44E699}.Release|ARM.Build.0 = Release|ARM
		{F5AEF9D9-F91A-43D7-8607-0F5CEF44E699}.Release|ARM.Deploy.0 = Release|ARM
		{F5AEF9D9-F91A-43D7-8607-0F5CEF44E699}.Release|ARM64.ActiveCfg = Release|ARM64
		{F5AEF9D9-F91A-43D7-8607-0F5CEF44E699}.Release|ARM64.Build.0 = Release|ARM64
		{F5AEF9D9-F91A-43D7-8607-0F5CEF44E699}.Release|ARM64.Deploy.0 = Release|ARM64
		{F5AEF9D9-F91A-43D7-8607-0F5CEF44E699}.Release|x64.ActiveCfg = Release|x64
		{F5AEF9D9-F91A-43D7-8607-0F5CEF44E699}.Release|x64.Build.0 = Release|x64
		{F5AEF9D9-F91A-43D7-8607-0F5CEF44E699}.Release|x64.Deploy.0 = Release|x64
		{F5AEF9D9-F91A-43D7-8607-0F5CEF44E699}.Release|x86.ActiveCfg = Release|x86
		{F5AEF9D9-F91A-43D7-8607-0F5CEF44E699}.Release|x86.Build.0 = Release|x86
		{F5AEF9D9-F91A-43D7-8607-0F5CEF44E699}.Release|x86.Deploy.0 = Release|x86
	EndGlobalSection
	GlobalSection(SolutionProperties) = preSolution
		HideSolutionNode = FALSE
	EndGlobalSection
	GlobalSection(ExtensibilityGlobals) = postSolution
		SolutionGuid = {FF610632-3893-4DEC-8451-49BBFAC32685}
	EndGlobalSection
EndGlobal
